{
  "name": "my_project_directory",
  "lockfileVersion": 3,
  "requires": true,
  "packages": {
    "": {
      "dependencies": {
        "maska": "^2.1.11"
      }
    },
    "node_modules/maska": {
      "version": "2.1.11",
      "resolved": "https://registry.npmjs.org/maska/-/maska-2.1.11.tgz",
      "integrity": "sha512-IGqWjBnKxMYcVa06pb4mPfag9sJjnR2T15CdGfQ2llR3gajiSd4AxXCvNqHMEq9W3UBhjjTazgWumsP3sWrUSg=="
    }
  }
}
